// !$*UTF8*$!
{
	archiveVersion = 1;
	classes = {
	};
	objectVersion = 46;
	objects = {

/* Begin PBXBuildFile section */
		235E20CC1F7C5B1B0061AF9F /* NumeroLinha.c in Sources */ = {isa = PBXBuildFile; fileRef = 235E20C81F7C5B1B0061AF9F /* NumeroLinha.c */; };
		235E20D01F7C5BC80061AF9F /* Palavra.c in Sources */ = {isa = PBXBuildFile; fileRef = 235E20CE1F7C5BC80061AF9F /* Palavra.c */; };
		2368D9231F714338009BCF83 /* main.c in Sources */ = {isa = PBXBuildFile; fileRef = 2368D9221F714338009BCF83 /* main.c */; };
		23F390561F73F3A800EF88C4 /* ListaDePalavras.c in Sources */ = {isa = PBXBuildFile; fileRef = 23F390541F73F3A800EF88C4 /* ListaDePalavras.c */; };
/* End PBXBuildFile section */

/* Begin PBXCopyFilesBuildPhase section */
		2368D91D1F714338009BCF83 /* CopyFiles */ = {
			isa = PBXCopyFilesBuildPhase;
			buildActionMask = 2147483647;
			dstPath = /usr/share/man/man1/;
			dstSubfolderSpec = 0;
			files = (
			);
			runOnlyForDeploymentPostprocessing = 1;
		};
/* End PBXCopyFilesBuildPhase section */

/* Begin PBXFileReference section */
		235E20C81F7C5B1B0061AF9F /* NumeroLinha.c */ = {isa = PBXFileReference; fileEncoding = 4; lastKnownFileType = sourcecode.c.c; path = NumeroLinha.c; sourceTree = "<group>"; };
		235E20C91F7C5B1B0061AF9F /* NumeroLinha.h */ = {isa = PBXFileReference; fileEncoding = 4; lastKnownFileType = sourcecode.c.h; path = NumeroLinha.h; sourceTree = "<group>"; };
		235E20CE1F7C5BC80061AF9F /* Palavra.c */ = {isa = PBXFileReference; fileEncoding = 4; lastKnownFileType = sourcecode.c.c; path = Palavra.c; sourceTree = "<group>"; };
		235E20CF1F7C5BC80061AF9F /* Palavra.h */ = {isa = PBXFileReference; fileEncoding = 4; lastKnownFileType = sourcecode.c.h; path = Palavra.h; sourceTree = "<group>"; };
		2368D91F1F714338009BCF83 /* tp-1 */ = {isa = PBXFileReference; explicitFileType = "compiled.mach-o.executable"; includeInIndex = 0; path = "tp-1"; sourceTree = BUILT_PRODUCTS_DIR; };
		2368D9221F714338009BCF83 /* main.c */ = {isa = PBXFileReference; lastKnownFileType = sourcecode.c.c; path = main.c; sourceTree = "<group>"; };
		23F390541F73F3A800EF88C4 /* ListaDePalavras.c */ = {isa = PBXFileReference; fileEncoding = 4; lastKnownFileType = sourcecode.c.c; path = ListaDePalavras.c; sourceTree = "<group>"; };
		23F390551F73F3A800EF88C4 /* ListaDePalavras.h */ = {isa = PBXFileReference; fileEncoding = 4; lastKnownFileType = sourcecode.c.h; path = ListaDePalavras.h; sourceTree = "<group>"; };
/* End PBXFileReference section */

/* Begin PBXFrameworksBuildPhase section */
		2368D91C1F714338009BCF83 /* Frameworks */ = {
			isa = PBXFrameworksBuildPhase;
			buildActionMask = 2147483647;
			files = (
			);
			runOnlyForDeploymentPostprocessing = 0;
		};
/* End PBXFrameworksBuildPhase section */

/* Begin PBXGroup section */
		2368D9161F714338009BCF83 = {
			isa = PBXGroup;
			children = (
				2368D9211F714338009BCF83 /* tp-1 */,
				2368D9201F714338009BCF83 /* Products */,
			);
			sourceTree = "<group>";
		};
		2368D9201F714338009BCF83 /* Products */ = {
			isa = PBXGroup;
			children = (
				2368D91F1F714338009BCF83 /* tp-1 */,
			);
			name = Products;
			sourceTree = "<group>";
		};
		2368D9211F714338009BCF83 /* tp-1 */ = {
			isa = PBXGroup;
			children = (
				235E20CE1F7C5BC80061AF9F /* Palavra.c */,
				235E20CF1F7C5BC80061AF9F /* Palavra.h */,
				235E20C81F7C5B1B0061AF9F /* NumeroLinha.c */,
				235E20C91F7C5B1B0061AF9F /* NumeroLinha.h */,
				2368D9221F714338009BCF83 /* main.c */,
				23F390541F73F3A800EF88C4 /* ListaDePalavras.c */,
				23F390551F73F3A800EF88C4 /* ListaDePalavras.h */,
			);
			path = "tp-1";
			sourceTree = "<group>";
		};
/* End PBXGroup section */

/* Begin PBXNativeTarget section */
		2368D91E1F714338009BCF83 /* tp-1 */ = {
			isa = PBXNativeTarget;
			buildConfigurationList = 2368D9261F714338009BCF83 /* Build configuration list for PBXNativeTarget "tp-1" */;
			buildPhases = (
				2368D91B1F714338009BCF83 /* Sources */,
				2368D91C1F714338009BCF83 /* Frameworks */,
				2368D91D1F714338009BCF83 /* CopyFiles */,
			);
			buildRules = (
			);
			dependencies = (
			);
			name = "tp-1";
			productName = "tp-1";
			productReference = 2368D91F1F714338009BCF83 /* tp-1 */;
			productType = "com.apple.product-type.tool";
		};
/* End PBXNativeTarget section */

/* Begin PBXProject section */
		2368D9171F714338009BCF83 /* Project object */ = {
			isa = PBXProject;
			attributes = {
				LastUpgradeCheck = 0800;
				ORGANIZATIONNAME = "Ciencia da Computacao - UFV";
				TargetAttributes = {
					2368D91E1F714338009BCF83 = {
						CreatedOnToolsVersion = 8.0;
						ProvisioningStyle = Automatic;
					};
				};
			};
			buildConfigurationList = 2368D91A1F714338009BCF83 /* Build configuration list for PBXProject "tp-1" */;
			compatibilityVersion = "Xcode 3.2";
			developmentRegion = English;
			hasScannedForEncodings = 0;
			knownRegions = (
				en,
			);
			mainGroup = 2368D9161F714338009BCF83;
			productRefGroup = 2368D9201F714338009BCF83 /* Products */;
			projectDirPath = "";
			projectRoot = "";
			targets = (
				2368D91E1F714338009BCF83 /* tp-1 */,
			);
		};
/* End PBXProject section */

/* Begin PBXSourcesBuildPhase section */
		2368D91B1F714338009BCF83 /* Sources */ = {
			isa = PBXSourcesBuildPhase;
			buildActionMask = 2147483647;
			files = (
				235E20CC1F7C5B1B0061AF9F /* NumeroLinha.c in Sources */,
				235E20D01F7C5BC80061AF9F /* Palavra.c in Sources */,
				23F390561F73F3A800EF88C4 /* ListaDePalavras.c in Sources */,
				2368D9231F714338009BCF83 /* main.c in Sources */,
			);
			runOnlyForDeploymentPostprocessing = 0;
		};
/* End PBXSourcesBuildPhase section */

/* Begin XCBuildConfiguration section */
		2368D9241F714338009BCF83 /* Debug */ = {
			isa = XCBuildConfiguration;
			buildSettings = {
				ALWAYS_SEARCH_USER_PATHS = NO;
				CLANG_ANALYZER_NONNULL = YES;
				CLANG_CXX_LANGUAGE_STANDARD = "gnu++0x";
				CLANG_CXX_LIBRARY = "libc++";
				CLANG_ENABLE_MODULES = YES;
				CLANG_ENABLE_OBJC_ARC = YES;
				CLANG_WARN_BOOL_CONVERSION = YES;
				CLANG_WARN_CONSTANT_CONVERSION = YES;
				CLANG_WARN_DIRECT_OBJC_ISA_USAGE = YES_ERROR;
				CLANG_WARN_DOCUMENTATION_COMMENTS = YES;
				CLANG_WARN_EMPTY_BODY = YES;
				CLANG_WARN_ENUM_CONVERSION = YES;
				CLANG_WARN_INFINITE_RECURSION = YES;
				CLANG_WARN_INT_CONVERSION = YES;
				CLANG_WARN_OBJC_ROOT_CLASS = YES_ERROR;
				CLANG_WARN_SUSPICIOUS_MOVES = YES;
				CLANG_WARN_UNREACHABLE_CODE = YES;
				CLANG_WARN__DUPLICATE_METHOD_MATCH = YES;
				CODE_SIGN_IDENTITY = "-";
				COPY_PHASE_STRIP = NO;
				DEBUG_INFORMATION_FORMAT = dwarf;
				ENABLE_STRICT_OBJC_MSGSEND = YES;
				ENABLE_TESTABILITY = YES;
				GCC_C_LANGUAGE_STANDARD = gnu99;
				GCC_DYNAMIC_NO_PIC = NO;
				GCC_NO_COMMON_BLOCKS = YES;
				GCC_OPTIMIZATION_LEVEL = 0;
				GCC_PREPROCESSOR_DEFINITIONS = (
					"DEBUG=1",
					"$(inherited)",
				);
				GCC_WARN_64_TO_32_BIT_CONVERSION = YES;
				GCC_WARN_ABOUT_RETURN_TYPE = YES_ERROR;
				GCC_WARN_UNDECLARED_SELECTOR = YES;
				GCC_WARN_UNINITIALIZED_AUTOS = YES_AGGRESSIVE;
				GCC_WARN_UNUSED_FUNCTION = YES;
				GCC_WARN_UNUSED_VARIABLE = YES;
				MACOSX_DEPLOYMENT_TARGET = 10.12;
				MTL_ENABLE_DEBUG_INFO = YES;
				ONLY_ACTIVE_ARCH = YES;
				SDKROOT = macosx;
			};
			name = Debug;
		};
		2368D9251F714338009BCF83 /* Release */ = {
			isa = XCBuildConfiguration;
			buildSettings = {
				ALWAYS_SEARCH_USER_PATHS = NO;
				CLANG_ANALYZER_NONNULL = YES;
				CLANG_CXX_LANGUAGE_STANDARD = "gnu++0x";
				CLANG_CXX_LIBRARY = "libc++";
				CLANG_ENABLE_MODULES = YES;
				CLANG_ENABLE_OBJC_ARC = YES;
				CLANG_WARN_BOOL_CONVERSION = YES;
				CLANG_WARN_CONSTANT_CONVERSION = YES;
				CLANG_WARN_DIRECT_OBJC_ISA_USAGE = YES_ERROR;
				CLANG_WARN_DOCUMENTATION_COMMENTS = YES;
				CLANG_WARN_EMPTY_BODY = YES;
				CLANG_WARN_ENUM_CONVERSION = YES;
				CLANG_WARN_INFINITE_RECURSION = YES;
				CLANG_WARN_INT_CONVERSION = YES;
				CLANG_WARN_OBJC_ROOT_CLASS = YES_ERROR;
				CLANG_WARN_SUSPICIOUS_MOVES = YES;
				CLANG_WARN_UNREACHABLE_CODE = YES;
				CLANG_WARN__DUPLICATE_METHOD_MATCH = YES;
				CODE_SIGN_IDENTITY = "-";
				COPY_PHASE_STRIP = NO;
				DEBUG_INFORMATION_FORMAT = "dwarf-with-dsym";
				ENABLE_NS_ASSERTIONS = NO;
				ENABLE_STRICT_OBJC_MSGSEND = YES;
				GCC_C_LANGUAGE_STANDARD = gnu99;
				GCC_NO_COMMON_BLOCKS = YES;
				GCC_WARN_64_TO_32_BIT_CONVERSION = YES;
				GCC_WARN_ABOUT_RETURN_TYPE = YES_ERROR;
				GCC_WARN_UNDECLARED_SELECTOR = YES;
				GCC_WARN_UNINITIALIZED_AUTOS = YES_AGGRESSIVE;
				GCC_WARN_UNUSED_FUNCTION = YES;
				GCC_WARN_UNUSED_VARIABLE = YES;
				MACOSX_DEPLOYMENT_TARGET = 10.12;
				MTL_ENABLE_DEBUG_INFO = NO;
				SDKROOT = macosx;
			};
			name = Release;
		};
		2368D9271F714338009BCF83 /* Debug */ = {
			isa = XCBuildConfiguration;
			buildSettings = {
				PRODUCT_NAME = "$(TARGET_NAME)";
			};
			name = Debug;
		};
		2368D9281F714338009BCF83 /* Release */ = {
			isa = XCBuildConfiguration;
			buildSettings = {
				PRODUCT_NAME = "$(TARGET_NAME)";
			};
			name = Release;
		};
/* End XCBuildConfiguration section */

/* Begin XCConfigurationList section */
		2368D91A1F714338009BCF83 /* Build configuration list for PBXProject "tp-1" */ = {
			isa = XCConfigurationList;
			buildConfigurations = (
				2368D9241F714338009BCF83 /* Debug */,
				2368D9251F714338009BCF83 /* Release */,
			);
			defaultConfigurationIsVisible = 0;
			defaultConfigurationName = Release;
		};
		2368D9261F714338009BCF83 /* Build configuration list for PBXNativeTarget "tp-1" */ = {
			isa = XCConfigurationList;
			buildConfigurations = (
				2368D9271F714338009BCF83 /* Debug */,
				2368D9281F714338009BCF83 /* Release */,
			);
			defaultConfigurationIsVisible = 0;
			defaultConfigurationName = Release;
		};
/* End XCConfigurationList section */
	};
	rootObject = 2368D9171F714338009BCF83 /* Project object */;
}
